<?xml version="1.0" encoding="utf-8"?>
<Project ToolsVersion="4.0" xmlns="http://schemas.microsoft.com/developer/msbuild/2003">
  <ItemGroup>
    <Filter Include="來源檔案">
      <UniqueIdentifier>{4FC737F1-C7A5-4376-A066-2A32D752A2FF}</UniqueIdentifier>
      <Extensions>cpp;c;cc;cxx;c++;cppm;ixx;def;odl;idl;hpj;bat;asm;asmx</Extensions>
    </Filter>
    <Filter Include="標頭檔">
      <UniqueIdentifier>{93995380-89BD-4b04-88EB-625FBE52EBFB}</UniqueIdentifier>
      <Extensions>h;hh;hpp;hxx;h++;hm;inl;inc;ipp;xsd</Extensions>
    </Filter>
    <Filter Include="資源檔">
      <UniqueIdentifier>{67DA6AB6-F800-4c08-8B7A-83BB121AAD01}</UniqueIdentifier>
      <Extensions>rc;ico;cur;bmp;dlg;rc2;rct;bin;rgs;gif;jpg;jpeg;jpe;resx;tiff;tif;png;wav;mfcribbon-ms</Extensions>
    </Filter>
  </ItemGroup>
  <ItemGroup>
    <ClCompile Include="数据结构与算法基础（青岛大学-王卓）棧和隊列.cpp">
      <Filter>來源檔案</Filter>
    </ClCompile>
    <ClCompile Include="第5周07-棧實現.cpp">
      <Filter>來源檔案</Filter>
    </ClCompile>
    <ClCompile Include="第5周10-棧鏈式實現.cpp">
      <Filter>來源檔案</Filter>
    </ClCompile>
    <ClCompile Include="第5周11-棧遞歸.cpp">
      <Filter>來源檔案</Filter>
    </ClCompile>
    <ClCompile Include="第5周EX-反轉數字.cpp">
      <Filter>來源檔案</Filter>
    </ClCompile>
    <ClCompile Include="第5周EX-四則運算.cpp">
      <Filter>來源檔案</Filter>
    </ClCompile>
    <ClCompile Include="EX-二分法.cpp">
      <Filter>來源檔案</Filter>
    </ClCompile>
    <ClCompile Include="第5周12-隊列實現.cpp">
      <Filter>來源檔案</Filter>
    </ClCompile>
    <ClCompile Include="第5周15-隊列鏈式實現.cpp">
      <Filter>來源檔案</Filter>
    </ClCompile>
    <ClCompile Include="第6周01-串BF.cpp">
      <Filter>來源檔案</Filter>
    </ClCompile>
    <ClCompile Include="第6周05-串KMP.cpp">
      <Filter>來源檔案</Filter>
    </ClCompile>
    <ClCompile Include="第6周13-病毒檢測.cpp">
      <Filter>來源檔案</Filter>
    </ClCompile>
    <ClCompile Include="第7周01-樹型結構和遞歸遍歷.cpp">
      <Filter>來源檔案</Filter>
    </ClCompile>
    <ClCompile Include="EX-硬币找零表示.cpp">
      <Filter>來源檔案</Filter>
    </ClCompile>
    <ClCompile Include="EX-最长上升子序列.cpp">
      <Filter>來源檔案</Filter>
    </ClCompile>
    <ClCompile Include="第8周01-二叉樹的建立和遞歸算法.cpp">
      <Filter>來源檔案</Filter>
    </ClCompile>
    <ClCompile Include="第8周07-線索二叉樹.cpp">
      <Filter>來源檔案</Filter>
    </ClCompile>
    <ClCompile Include="第8周08-樹和森林.cpp">
      <Filter>來源檔案</Filter>
    </ClCompile>
    <ClCompile Include="第9周01-哈夫曼樹.cpp">
      <Filter>來源檔案</Filter>
    </ClCompile>
    <ClCompile Include="EX-8皇后問題%28純數組%29.cpp">
      <Filter>來源檔案</Filter>
    </ClCompile>
    <ClCompile Include="EX-顛倒文字%28棧%29.cpp">
      <Filter>來源檔案</Filter>
    </ClCompile>
    <ClCompile Include="第10周03-圖和鄰接矩陣.cpp">
      <Filter>來源檔案</Filter>
    </ClCompile>
    <ClCompile Include="EX-多項式四則運算.cpp">
      <Filter>來源檔案</Filter>
    </ClCompile>
    <ClCompile Include="EX-Consecutive Characters.cpp">
      <Filter>來源檔案</Filter>
    </ClCompile>
    <ClCompile Include="EX-Relative Ranks.cpp">
      <Filter>來源檔案</Filter>
    </ClCompile>
    <ClCompile Include="EX-Add Two Numbers.cpp">
      <Filter>來源檔案</Filter>
    </ClCompile>
    <ClCompile Include="EX-Maximize Sum Of Array After K Negations.cpp">
      <Filter>來源檔案</Filter>
    </ClCompile>
    <ClCompile Include="第10周12-深度優先搜索遍歷.cpp">
      <Filter>來源檔案</Filter>
    </ClCompile>
    <ClCompile Include="EX-Ransom Note.cpp">
      <Filter>來源檔案</Filter>
    </ClCompile>
    <ClCompile Include="第11周01-最小生成樹.cpp">
      <Filter>來源檔案</Filter>
    </ClCompile>
    <ClCompile Include="EX-TEST_inputing.cpp">
      <Filter>來源檔案</Filter>
    </ClCompile>
    <ClCompile Include="右值引用.cpp">
      <Filter>來源檔案</Filter>
    </ClCompile>
  </ItemGroup>
</Project>