
Microsoft Visual Studio Solution File, Format Version 12.00
# Visual Studio Version 16
VisualStudioVersion = 16.0.31424.327
MinimumVisualStudioVersion = 10.0.40219.1
Project("{8BC9CEB8-8B4A-11D0-8D11-00A0C91BC942}") = "实用VC编程之玩转字符串", "实用VC编程之玩转字符串\实用VC编程之玩转字符串.vcxproj", "{4AAF0829-FB5C-4D86-8DD1-9E9FFFFE2FB9}"
EndProject
Global
	GlobalSection(SolutionConfigurationPlatforms) = preSolution
		Debug|x64 = Debug|x64
		Debug|x86 = Debug|x86
		Release|x64 = Release|x64
		Release|x86 = Release|x86
	EndGlobalSection
	GlobalSection(ProjectConfigurationPlatforms) = postSolution
		{4AAF0829-FB5C-4D86-8DD1-9E9FFFFE2FB9}.Debug|x64.ActiveCfg = Debug|x64
		{4AAF0829-FB5C-4D86-8DD1-9E9FFFFE2FB9}.Debug|x64.Build.0 = Debug|x64
		{4AAF0829-FB5C-4D86-8DD1-9E9FFFFE2FB9}.Debug|x86.ActiveCfg = Debug|Win32
		{4AAF0829-FB5C-4D86-8DD1-9E9FFFFE2FB9}.Debug|x86.Build.0 = Debug|Win32
		{4AAF0829-FB5C-4D86-8DD1-9E9FFFFE2FB9}.Release|x64.ActiveCfg = Release|x64
		{4AAF0829-FB5C-4D86-8DD1-9E9FFFFE2FB9}.Release|x64.Build.0 = Release|x64
		{4AAF0829-FB5C-4D86-8DD1-9E9FFFFE2FB9}.Release|x86.ActiveCfg = Release|Win32
		{4AAF0829-FB5C-4D86-8DD1-9E9FFFFE2FB9}.Release|x86.Build.0 = Release|Win32
	EndGlobalSection
	GlobalSection(SolutionProperties) = preSolution
		HideSolutionNode = FALSE
	EndGlobalSection
	GlobalSection(ExtensibilityGlobals) = postSolution
		SolutionGuid = {B3F23F0B-C4EB-41A5-A88F-9D6004185EFA}
	EndGlobalSection
EndGlobal
