
Microsoft Visual Studio Solution File, Format Version 12.00
# Visual Studio Version 16
VisualStudioVersion = 16.0.31424.327
MinimumVisualStudioVersion = 10.0.40219.1
Project("{8BC9CEB8-8B4A-11D0-8D11-00A0C91BC942}") = "ConsoleApplication47", "ConsoleApplication47\ConsoleApplication47.vcxproj", "{F925CB60-2F76-4FAD-A499-44B71B080290}"
EndProject
Global
	GlobalSection(SolutionConfigurationPlatforms) = preSolution
		Debug|x64 = Debug|x64
		Debug|x86 = Debug|x86
		Release|x64 = Release|x64
		Release|x86 = Release|x86
	EndGlobalSection
	GlobalSection(ProjectConfigurationPlatforms) = postSolution
		{F925CB60-2F76-4FAD-A499-44B71B080290}.Debug|x64.ActiveCfg = Debug|x64
		{F925CB60-2F76-4FAD-A499-44B71B080290}.Debug|x64.Build.0 = Debug|x64
		{F925CB60-2F76-4FAD-A499-44B71B080290}.Debug|x86.ActiveCfg = Debug|Win32
		{F925CB60-2F76-4FAD-A499-44B71B080290}.Debug|x86.Build.0 = Debug|Win32
		{F925CB60-2F76-4FAD-A499-44B71B080290}.Release|x64.ActiveCfg = Release|x64
		{F925CB60-2F76-4FAD-A499-44B71B080290}.Release|x64.Build.0 = Release|x64
		{F925CB60-2F76-4FAD-A499-44B71B080290}.Release|x86.ActiveCfg = Release|Win32
		{F925CB60-2F76-4FAD-A499-44B71B080290}.Release|x86.Build.0 = Release|Win32
	EndGlobalSection
	GlobalSection(SolutionProperties) = preSolution
		HideSolutionNode = FALSE
	EndGlobalSection
	GlobalSection(ExtensibilityGlobals) = postSolution
		SolutionGuid = {81E07D3E-20A6-4D74-AE30-F23531058046}
	EndGlobalSection
EndGlobal
