<?xml version="1.0" encoding="utf-8"?>
<Project ToolsVersion="4.0" xmlns="http://schemas.microsoft.com/developer/msbuild/2003">
  <ItemGroup>
    <Filter Include="來源檔案">
      <UniqueIdentifier>{4FC737F1-C7A5-4376-A066-2A32D752A2FF}</UniqueIdentifier>
      <Extensions>cpp;c;cc;cxx;c++;cppm;ixx;def;odl;idl;hpj;bat;asm;asmx</Extensions>
    </Filter>
    <Filter Include="標頭檔">
      <UniqueIdentifier>{93995380-89BD-4b04-88EB-625FBE52EBFB}</UniqueIdentifier>
      <Extensions>h;hh;hpp;hxx;h++;hm;inl;inc;ipp;xsd</Extensions>
    </Filter>
    <Filter Include="資源檔">
      <UniqueIdentifier>{67DA6AB6-F800-4c08-8B7A-83BB121AAD01}</UniqueIdentifier>
      <Extensions>rc;ico;cur;bmp;dlg;rc2;rct;bin;rgs;gif;jpg;jpeg;jpe;resx;tiff;tif;png;wav;mfcribbon-ms</Extensions>
    </Filter>
  </ItemGroup>
  <ItemGroup>
    <ClCompile Include="澳大CISC1004.cpp">
      <Filter>來源檔案</Filter>
    </ClCompile>
    <ClCompile Include="assignment1.cpp">
      <Filter>來源檔案</Filter>
    </ClCompile>
    <ClCompile Include="Source1.cpp">
      <Filter>來源檔案</Filter>
    </ClCompile>
    <ClCompile Include="Assignment2.cpp">
      <Filter>來源檔案</Filter>
    </ClCompile>
    <ClCompile Include="seses.cpp">
      <Filter>來源檔案</Filter>
    </ClCompile>
    <ClCompile Include="test01.cpp">
      <Filter>來源檔案</Filter>
    </ClCompile>
    <ClCompile Include="test02.cpp">
      <Filter>來源檔案</Filter>
    </ClCompile>
    <ClCompile Include="test03.cpp">
      <Filter>來源檔案</Filter>
    </ClCompile>
    <ClCompile Include="test04.cpp">
      <Filter>來源檔案</Filter>
    </ClCompile>
    <ClCompile Include="assignment4.cpp">
      <Filter>來源檔案</Filter>
    </ClCompile>
    <ClCompile Include="test05.cpp">
      <Filter>來源檔案</Filter>
    </ClCompile>
    <ClCompile Include="test06.cpp">
      <Filter>來源檔案</Filter>
    </ClCompile>
    <ClCompile Include="數獨.cpp">
      <Filter>來源檔案</Filter>
    </ClCompile>
    <ClCompile Include="位連算01.cpp">
      <Filter>來源檔案</Filter>
    </ClCompile>
    <ClCompile Include="test07.cpp">
      <Filter>來源檔案</Filter>
    </ClCompile>
    <ClCompile Include="test08.cpp">
      <Filter>來源檔案</Filter>
    </ClCompile>
    <ClCompile Include="pointer.cpp">
      <Filter>來源檔案</Filter>
    </ClCompile>
    <ClCompile Include="pointer2.cpp">
      <Filter>來源檔案</Filter>
    </ClCompile>
    <ClCompile Include="assignment5.cpp">
      <Filter>來源檔案</Filter>
    </ClCompile>
    <ClCompile Include="分割字符串.cpp">
      <Filter>來源檔案</Filter>
    </ClCompile>
    <ClCompile Include="number01.cpp">
      <Filter>來源檔案</Filter>
    </ClCompile>
    <ClCompile Include="realassignment5.cpp">
      <Filter>來源檔案</Filter>
    </ClCompile>
    <ClCompile Include="number02.cpp">
      <Filter>來源檔案</Filter>
    </ClCompile>
    <ClCompile Include="test09.cpp">
      <Filter>來源檔案</Filter>
    </ClCompile>
    <ClCompile Include="assignment6.cpp">
      <Filter>來源檔案</Filter>
    </ClCompile>
    <ClCompile Include="try.cpp">
      <Filter>來源檔案</Filter>
    </ClCompile>
    <ClCompile Include="char01.cpp">
      <Filter>來源檔案</Filter>
    </ClCompile>
    <ClCompile Include="FINAL01.cpp">
      <Filter>來源檔案</Filter>
    </ClCompile>
    <ClCompile Include="try03.cpp">
      <Filter>來源檔案</Filter>
    </ClCompile>
    <ClCompile Include="gcd.cpp">
      <Filter>來源檔案</Filter>
    </ClCompile>
    <ClCompile Include="test10.cpp">
      <Filter>來源檔案</Filter>
    </ClCompile>
    <ClCompile Include="FILE01.cpp">
      <Filter>來源檔案</Filter>
    </ClCompile>
    <ClCompile Include="struct01.cpp">
      <Filter>來源檔案</Filter>
    </ClCompile>
    <ClCompile Include="final02.cpp">
      <Filter>來源檔案</Filter>
    </ClCompile>
    <ClCompile Include="质数检查.cpp">
      <Filter>來源檔案</Filter>
    </ClCompile>
    <ClCompile Include="打印金字塔和三角形.cpp">
      <Filter>來源檔案</Filter>
    </ClCompile>
  </ItemGroup>
</Project>