
Microsoft Visual Studio Solution File, Format Version 12.00
# Visual Studio Version 16
VisualStudioVersion = 16.0.31424.327
MinimumVisualStudioVersion = 10.0.40219.1
Project("{8BC9CEB8-8B4A-11D0-8D11-00A0C91BC942}") = "ConsoleApplication62", "ConsoleApplication62\ConsoleApplication62.vcxproj", "{AD314CA0-9B98-482D-9D72-23828F40EB97}"
EndProject
Global
	GlobalSection(SolutionConfigurationPlatforms) = preSolution
		Debug|x64 = Debug|x64
		Debug|x86 = Debug|x86
		Release|x64 = Release|x64
		Release|x86 = Release|x86
	EndGlobalSection
	GlobalSection(ProjectConfigurationPlatforms) = postSolution
		{AD314CA0-9B98-482D-9D72-23828F40EB97}.Debug|x64.ActiveCfg = Debug|x64
		{AD314CA0-9B98-482D-9D72-23828F40EB97}.Debug|x64.Build.0 = Debug|x64
		{AD314CA0-9B98-482D-9D72-23828F40EB97}.Debug|x86.ActiveCfg = Debug|Win32
		{AD314CA0-9B98-482D-9D72-23828F40EB97}.Debug|x86.Build.0 = Debug|Win32
		{AD314CA0-9B98-482D-9D72-23828F40EB97}.Release|x64.ActiveCfg = Release|x64
		{AD314CA0-9B98-482D-9D72-23828F40EB97}.Release|x64.Build.0 = Release|x64
		{AD314CA0-9B98-482D-9D72-23828F40EB97}.Release|x86.ActiveCfg = Release|Win32
		{AD314CA0-9B98-482D-9D72-23828F40EB97}.Release|x86.Build.0 = Release|Win32
	EndGlobalSection
	GlobalSection(SolutionProperties) = preSolution
		HideSolutionNode = FALSE
	EndGlobalSection
	GlobalSection(ExtensibilityGlobals) = postSolution
		SolutionGuid = {264A2EC3-6A6E-4D16-A92A-7EDE07038049}
	EndGlobalSection
EndGlobal
