<?xml version="1.0" encoding="utf-8"?>
<Project ToolsVersion="4.0" xmlns="http://schemas.microsoft.com/developer/msbuild/2003">
  <ItemGroup>
    <Filter Include="來源檔案">
      <UniqueIdentifier>{4FC737F1-C7A5-4376-A066-2A32D752A2FF}</UniqueIdentifier>
      <Extensions>cpp;c;cc;cxx;c++;cppm;ixx;def;odl;idl;hpj;bat;asm;asmx</Extensions>
    </Filter>
    <Filter Include="標頭檔">
      <UniqueIdentifier>{93995380-89BD-4b04-88EB-625FBE52EBFB}</UniqueIdentifier>
      <Extensions>h;hh;hpp;hxx;h++;hm;inl;inc;ipp;xsd</Extensions>
    </Filter>
    <Filter Include="資源檔">
      <UniqueIdentifier>{67DA6AB6-F800-4c08-8B7A-83BB121AAD01}</UniqueIdentifier>
      <Extensions>rc;ico;cur;bmp;dlg;rc2;rct;bin;rgs;gif;jpg;jpeg;jpe;resx;tiff;tif;png;wav;mfcribbon-ms</Extensions>
    </Filter>
  </ItemGroup>
  <ItemGroup>
    <ClCompile Include="ICPC-UM-2022.cpp">
      <Filter>來源檔案</Filter>
    </ClCompile>
    <ClCompile Include="B - A + B Problem II.cpp">
      <Filter>來源檔案</Filter>
    </ClCompile>
    <ClCompile Include="C - A + B Problem V.cpp">
      <Filter>來源檔案</Filter>
    </ClCompile>
    <ClCompile Include="OOXXOXXOOO.cpp">
      <Filter>來源檔案</Filter>
    </ClCompile>
    <ClCompile Include="new encryption technique.cpp">
      <Filter>來源檔案</Filter>
    </ClCompile>
    <ClCompile Include="G - Camel trading.cpp">
      <Filter>來源檔案</Filter>
    </ClCompile>
    <ClCompile Include="testSource.cpp">
      <Filter>來源檔案</Filter>
    </ClCompile>
    <ClCompile Include="H - Dividing coins.cpp">
      <Filter>來源檔案</Filter>
    </ClCompile>
    <ClCompile Include="E - Popes.cpp">
      <Filter>來源檔案</Filter>
    </ClCompile>
    <ClCompile Include="I - Oil Deposits.cpp">
      <Filter>來源檔案</Filter>
    </ClCompile>
    <ClCompile Include="J - A Careful Approach.cpp">
      <Filter>來源檔案</Filter>
    </ClCompile>
    <ClCompile Include="字典序.cpp">
      <Filter>來源檔案</Filter>
    </ClCompile>
    <ClCompile Include="B - Packets.cpp">
      <Filter>來源檔案</Filter>
    </ClCompile>
    <ClCompile Include="design_tmp_exp.cpp">
      <Filter>來源檔案</Filter>
    </ClCompile>
    <ClCompile Include="CISC2002_矩陣乘法.cpp">
      <Filter>來源檔案</Filter>
    </ClCompile>
    <ClCompile Include="CISC2002 上三角矩陣和下三角矩陣轉換.cpp">
      <Filter>來源檔案</Filter>
    </ClCompile>
  </ItemGroup>
  <ItemGroup>
    <None Include="1036. 逃离大迷宫.cpp">
      <Filter>來源檔案</Filter>
    </None>
  </ItemGroup>
</Project>