
Microsoft Visual Studio Solution File, Format Version 12.00
# Visual Studio Version 16
VisualStudioVersion = 16.0.31424.327
MinimumVisualStudioVersion = 10.0.40219.1
Project("{8BC9CEB8-8B4A-11D0-8D11-00A0C91BC942}") = "ConsoleApplication52", "ConsoleApplication52\ConsoleApplication52.vcxproj", "{C46744FF-6E69-43C4-B72F-7CF636C9B180}"
EndProject
Global
	GlobalSection(SolutionConfigurationPlatforms) = preSolution
		Debug|x64 = Debug|x64
		Debug|x86 = Debug|x86
		Release|x64 = Release|x64
		Release|x86 = Release|x86
	EndGlobalSection
	GlobalSection(ProjectConfigurationPlatforms) = postSolution
		{C46744FF-6E69-43C4-B72F-7CF636C9B180}.Debug|x64.ActiveCfg = Debug|x64
		{C46744FF-6E69-43C4-B72F-7CF636C9B180}.Debug|x64.Build.0 = Debug|x64
		{C46744FF-6E69-43C4-B72F-7CF636C9B180}.Debug|x86.ActiveCfg = Debug|Win32
		{C46744FF-6E69-43C4-B72F-7CF636C9B180}.Debug|x86.Build.0 = Debug|Win32
		{C46744FF-6E69-43C4-B72F-7CF636C9B180}.Release|x64.ActiveCfg = Release|x64
		{C46744FF-6E69-43C4-B72F-7CF636C9B180}.Release|x64.Build.0 = Release|x64
		{C46744FF-6E69-43C4-B72F-7CF636C9B180}.Release|x86.ActiveCfg = Release|Win32
		{C46744FF-6E69-43C4-B72F-7CF636C9B180}.Release|x86.Build.0 = Release|Win32
	EndGlobalSection
	GlobalSection(SolutionProperties) = preSolution
		HideSolutionNode = FALSE
	EndGlobalSection
	GlobalSection(ExtensibilityGlobals) = postSolution
		SolutionGuid = {8A70C315-B9AF-4613-8BB2-6AB5021A0E69}
	EndGlobalSection
EndGlobal
