<?xml version="1.0" encoding="utf-8"?>
<Project ToolsVersion="4.0" xmlns="http://schemas.microsoft.com/developer/msbuild/2003">
  <ItemGroup>
    <Filter Include="來源檔案">
      <UniqueIdentifier>{4FC737F1-C7A5-4376-A066-2A32D752A2FF}</UniqueIdentifier>
      <Extensions>cpp;c;cc;cxx;c++;cppm;ixx;def;odl;idl;hpj;bat;asm;asmx</Extensions>
    </Filter>
    <Filter Include="標頭檔">
      <UniqueIdentifier>{93995380-89BD-4b04-88EB-625FBE52EBFB}</UniqueIdentifier>
      <Extensions>h;hh;hpp;hxx;h++;hm;inl;inc;ipp;xsd</Extensions>
    </Filter>
    <Filter Include="資源檔">
      <UniqueIdentifier>{67DA6AB6-F800-4c08-8B7A-83BB121AAD01}</UniqueIdentifier>
      <Extensions>rc;ico;cur;bmp;dlg;rc2;rct;bin;rgs;gif;jpg;jpeg;jpe;resx;tiff;tif;png;wav;mfcribbon-ms</Extensions>
    </Filter>
  </ItemGroup>
  <ItemGroup>
    <ClCompile Include="算法竞赛入门经典_第2版.cpp">
      <Filter>來源檔案</Filter>
    </ClCompile>
    <ClCompile Include="程序1-1算术表达式.cpp">
      <Filter>來源檔案</Filter>
    </ClCompile>
    <ClCompile Include="例题1-1.cpp">
      <Filter>來源檔案</Filter>
    </ClCompile>
    <ClCompile Include="例题1-2.cpp">
      <Filter>來源檔案</Filter>
    </ClCompile>
    <ClCompile Include="三位数反转（2）.cpp">
      <Filter>來源檔案</Filter>
    </ClCompile>
    <ClCompile Include="例题1-4_鸡兔同笼.cpp">
      <Filter>來源檔案</Filter>
    </ClCompile>
    <ClCompile Include="例题1-5_三整数排序.cpp">
      <Filter>來源檔案</Filter>
    </ClCompile>
    <ClCompile Include="习题1-1_平均数（average）.cpp">
      <Filter>來源檔案</Filter>
    </ClCompile>
    <ClCompile Include="习题1-2 温度（temperature）.cpp">
      <Filter>來源檔案</Filter>
    </ClCompile>
    <ClCompile Include="习题1-3_连续和（sum）.cpp">
      <Filter>來源檔案</Filter>
    </ClCompile>
    <ClCompile Include="习题1-4_正弦和余弦（sin和cos）.cpp">
      <Filter>來源檔案</Filter>
    </ClCompile>
    <ClCompile Include="例题2-1_aabb.cpp">
      <Filter>來源檔案</Filter>
    </ClCompile>
    <ClCompile Include="例题2-2_3n＋1问题.cpp">
      <Filter>來源檔案</Filter>
    </ClCompile>
    <ClCompile Include="例题2-3_近似计算.cpp">
      <Filter>來源檔案</Filter>
    </ClCompile>
    <ClCompile Include="例题2-4_阶乘之和.cpp">
      <Filter>來源檔案</Filter>
    </ClCompile>
    <ClCompile Include="例题2-5_数据统计.cpp">
      <Filter>來源檔案</Filter>
    </ClCompile>
    <ClCompile Include="例题2-6_数据统计II.cpp">
      <Filter>來源檔案</Filter>
    </ClCompile>
    <ClCompile Include="习题2-1_水仙花数（daffodil）.cpp">
      <Filter>來源檔案</Filter>
    </ClCompile>
    <ClCompile Include="习题2-2_韩信点兵（hanxin）.cpp">
      <Filter>來源檔案</Filter>
    </ClCompile>
    <ClCompile Include="习题2-3_倒三角形（triangle）.cpp">
      <Filter>來源檔案</Filter>
    </ClCompile>
    <ClCompile Include="习题2-4_子序列的和（subsequence）.cpp">
      <Filter>來源檔案</Filter>
    </ClCompile>
    <ClCompile Include="习题2-5_分数化小数（decimal）.cpp">
      <Filter>來源檔案</Filter>
    </ClCompile>
    <ClCompile Include="习题2-6_排列（permutation）.cpp">
      <Filter>來源檔案</Filter>
    </ClCompile>
    <ClCompile Include="开灯问题.cpp">
      <Filter>來源檔案</Filter>
    </ClCompile>
    <ClCompile Include="蛇形填数.cpp">
      <Filter>來源檔案</Filter>
    </ClCompile>
    <ClCompile Include="竖式问题.cpp">
      <Filter>來源檔案</Filter>
    </ClCompile>
    <ClCompile Include="例题3-1 TeX中的引号（Tex Quotes, UVa 272）.cpp">
      <Filter>來源檔案</Filter>
    </ClCompile>
    <ClCompile Include="例题3-2 WERTYU（WERTYU, UVa10082）.cpp">
      <Filter>來源檔案</Filter>
    </ClCompile>
    <ClCompile Include="例题3-3 回文词（Palindromes, UVa401）.cpp">
      <Filter>來源檔案</Filter>
    </ClCompile>
    <ClCompile Include="例题3-4 猜数字游戏的提示（Master-Mind Hints, UVa 340）.cpp">
      <Filter>來源檔案</Filter>
    </ClCompile>
    <ClCompile Include="例题3-5 生成元(Digit Generator, ACM,ICPC Seoul 2005, UVa1583).cpp">
      <Filter>來源檔案</Filter>
    </ClCompile>
    <ClCompile Include="习题3-1 得分（Score, ACM,ICPC Seoul 2005, UVa1585）.cpp">
      <Filter>來源檔案</Filter>
    </ClCompile>
    <ClCompile Include="CISC1001-assignment03.cpp">
      <Filter>來源檔案</Filter>
    </ClCompile>
    <ClCompile Include="CISC1001-assignment03_02.cpp">
      <Filter>來源檔案</Filter>
    </ClCompile>
    <ClCompile Include="test01.cpp">
      <Filter>來源檔案</Filter>
    </ClCompile>
    <ClCompile Include="例题3-6 环状序列（Circular Sequence, ACM,ICPC Seoul 2004, UVa1584）.cpp">
      <Filter>來源檔案</Filter>
    </ClCompile>
    <ClCompile Include="习题3-2 分子量（Molar Mass, ACM,ICPC Seoul 2007, UVa1586）.cpp">
      <Filter>來源檔案</Filter>
    </ClCompile>
    <ClCompile Include="习题3-3 数数字（Digit Counting , ACM,ICPC Danang 2007, UVa1225）.cpp">
      <Filter>來源檔案</Filter>
    </ClCompile>
    <ClCompile Include="习题3-4 周期串（Periodic Strings, UVa455）.cpp">
      <Filter>來源檔案</Filter>
    </ClCompile>
    <ClCompile Include="习题3-5 谜题（Puzzle, ACM,ICPC World Finals 1993, UVa227）.cpp">
      <Filter>來源檔案</Filter>
    </ClCompile>
    <ClCompile Include="计算组合数.cpp">
      <Filter>來源檔案</Filter>
    </ClCompile>
    <ClCompile Include="输入数据.cpp">
      <Filter>來源檔案</Filter>
    </ClCompile>
    <ClCompile Include="operator.cpp">
      <Filter>來源檔案</Filter>
    </ClCompile>
    <ClCompile Include="sum函数模板升級.cpp">
      <Filter>來源檔案</Filter>
    </ClCompile>
    <ClCompile Include="结构体和类（class）也可以是带模板.cpp">
      <Filter>來源檔案</Filter>
    </ClCompile>
    <ClCompile Include="CISC1001test01.cpp">
      <Filter>來源檔案</Filter>
    </ClCompile>
    <ClCompile Include="拉格朗日插值法.cpp">
      <Filter>來源檔案</Filter>
    </ClCompile>
  </ItemGroup>
</Project>