
Microsoft Visual Studio Solution File, Format Version 12.00
# Visual Studio Version 16
VisualStudioVersion = 16.0.31424.327
MinimumVisualStudioVersion = 10.0.40219.1
Project("{8BC9CEB8-8B4A-11D0-8D11-00A0C91BC942}") = "獨立開發window", "獨立開發window\獨立開發window.vcxproj", "{4337EE16-39DB-47FF-BB32-C268ABD7659D}"
EndProject
Global
	GlobalSection(SolutionConfigurationPlatforms) = preSolution
		Debug|x64 = Debug|x64
		Debug|x86 = Debug|x86
		Release|x64 = Release|x64
		Release|x86 = Release|x86
	EndGlobalSection
	GlobalSection(ProjectConfigurationPlatforms) = postSolution
		{4337EE16-39DB-47FF-BB32-C268ABD7659D}.Debug|x64.ActiveCfg = Debug|x64
		{4337EE16-39DB-47FF-BB32-C268ABD7659D}.Debug|x64.Build.0 = Debug|x64
		{4337EE16-39DB-47FF-BB32-C268ABD7659D}.Debug|x86.ActiveCfg = Debug|Win32
		{4337EE16-39DB-47FF-BB32-C268ABD7659D}.Debug|x86.Build.0 = Debug|Win32
		{4337EE16-39DB-47FF-BB32-C268ABD7659D}.Release|x64.ActiveCfg = Release|x64
		{4337EE16-39DB-47FF-BB32-C268ABD7659D}.Release|x64.Build.0 = Release|x64
		{4337EE16-39DB-47FF-BB32-C268ABD7659D}.Release|x86.ActiveCfg = Release|Win32
		{4337EE16-39DB-47FF-BB32-C268ABD7659D}.Release|x86.Build.0 = Release|Win32
	EndGlobalSection
	GlobalSection(SolutionProperties) = preSolution
		HideSolutionNode = FALSE
	EndGlobalSection
	GlobalSection(ExtensibilityGlobals) = postSolution
		SolutionGuid = {B2540358-C6B5-4DA9-9903-E5657A18DB1A}
	EndGlobalSection
EndGlobal
