
Microsoft Visual Studio Solution File, Format Version 12.00
# Visual Studio Version 16
VisualStudioVersion = 16.0.31424.327
MinimumVisualStudioVersion = 10.0.40219.1
Project("{8BC9CEB8-8B4A-11D0-8D11-00A0C91BC942}") = "ConsoleApplication6", "ConsoleApplication6\ConsoleApplication6.vcxproj", "{D5725DE7-EE34-4E8A-AA80-8DBEB3D787BF}"
EndProject
Global
	GlobalSection(SolutionConfigurationPlatforms) = preSolution
		Debug|x64 = Debug|x64
		Debug|x86 = Debug|x86
		Release|x64 = Release|x64
		Release|x86 = Release|x86
	EndGlobalSection
	GlobalSection(ProjectConfigurationPlatforms) = postSolution
		{D5725DE7-EE34-4E8A-AA80-8DBEB3D787BF}.Debug|x64.ActiveCfg = Debug|x64
		{D5725DE7-EE34-4E8A-AA80-8DBEB3D787BF}.Debug|x64.Build.0 = Debug|x64
		{D5725DE7-EE34-4E8A-AA80-8DBEB3D787BF}.Debug|x86.ActiveCfg = Debug|Win32
		{D5725DE7-EE34-4E8A-AA80-8DBEB3D787BF}.Debug|x86.Build.0 = Debug|Win32
		{D5725DE7-EE34-4E8A-AA80-8DBEB3D787BF}.Release|x64.ActiveCfg = Release|x64
		{D5725DE7-EE34-4E8A-AA80-8DBEB3D787BF}.Release|x64.Build.0 = Release|x64
		{D5725DE7-EE34-4E8A-AA80-8DBEB3D787BF}.Release|x86.ActiveCfg = Release|Win32
		{D5725DE7-EE34-4E8A-AA80-8DBEB3D787BF}.Release|x86.Build.0 = Release|Win32
	EndGlobalSection
	GlobalSection(SolutionProperties) = preSolution
		HideSolutionNode = FALSE
	EndGlobalSection
	GlobalSection(ExtensibilityGlobals) = postSolution
		SolutionGuid = {6586BA66-EFBA-457B-889E-872DD6FB3353}
	EndGlobalSection
EndGlobal
