<?xml version="1.0" encoding="utf-8"?>
<Project ToolsVersion="4.0" xmlns="http://schemas.microsoft.com/developer/msbuild/2003">
  <ItemGroup>
    <Filter Include="來源檔案">
      <UniqueIdentifier>{4FC737F1-C7A5-4376-A066-2A32D752A2FF}</UniqueIdentifier>
      <Extensions>cpp;c;cc;cxx;c++;cppm;ixx;def;odl;idl;hpj;bat;asm;asmx</Extensions>
    </Filter>
    <Filter Include="標頭檔">
      <UniqueIdentifier>{93995380-89BD-4b04-88EB-625FBE52EBFB}</UniqueIdentifier>
      <Extensions>h;hh;hpp;hxx;h++;hm;inl;inc;ipp;xsd</Extensions>
    </Filter>
    <Filter Include="資源檔">
      <UniqueIdentifier>{67DA6AB6-F800-4c08-8B7A-83BB121AAD01}</UniqueIdentifier>
      <Extensions>rc;ico;cur;bmp;dlg;rc2;rct;bin;rgs;gif;jpg;jpeg;jpe;resx;tiff;tif;png;wav;mfcribbon-ms</Extensions>
    </Filter>
  </ItemGroup>
  <ItemGroup>
    <ClCompile Include="168模板.cpp">
      <Filter>來源檔案</Filter>
    </ClCompile>
    <ClCompile Include="169模板.cpp">
      <Filter>來源檔案</Filter>
    </ClCompile>
    <ClCompile Include="170模板.cpp">
      <Filter>來源檔案</Filter>
    </ClCompile>
    <ClCompile Include="171模板.cpp">
      <Filter>來源檔案</Filter>
    </ClCompile>
    <ClCompile Include="172模板.cpp">
      <Filter>來源檔案</Filter>
    </ClCompile>
    <ClCompile Include="test01.cpp">
      <Filter>來源檔案</Filter>
    </ClCompile>
    <ClCompile Include="173模板.cpp">
      <Filter>來源檔案</Filter>
    </ClCompile>
    <ClCompile Include="174模板.cpp">
      <Filter>來源檔案</Filter>
    </ClCompile>
    <ClCompile Include="模板.cpp">
      <Filter>來源檔案</Filter>
    </ClCompile>
    <ClCompile Include="175模板.cpp">
      <Filter>來源檔案</Filter>
    </ClCompile>
    <ClCompile Include="176類模板.cpp">
      <Filter>來源檔案</Filter>
    </ClCompile>
    <ClCompile Include="177類模板.cpp">
      <Filter>來源檔案</Filter>
    </ClCompile>
    <ClCompile Include="FindSlimeChunk.cpp">
      <Filter>來源檔案</Filter>
    </ClCompile>
    <ClCompile Include="178類模板.cpp">
      <Filter>來源檔案</Filter>
    </ClCompile>
    <ClCompile Include="179類模板.cpp">
      <Filter>來源檔案</Filter>
    </ClCompile>
    <ClCompile Include="180類模板.cpp">
      <Filter>來源檔案</Filter>
    </ClCompile>
    <ClCompile Include="180person.cpp">
      <Filter>來源檔案</Filter>
    </ClCompile>
    <ClCompile Include="181類模板.cpp">
      <Filter>來源檔案</Filter>
    </ClCompile>
    <ClCompile Include="182類模板案例.cpp">
      <Filter>來源檔案</Filter>
    </ClCompile>
    <ClCompile Include="test02.cpp">
      <Filter>來源檔案</Filter>
    </ClCompile>
  </ItemGroup>
  <ItemGroup>
    <ClInclude Include="180模板person.hpp">
      <Filter>標頭檔</Filter>
    </ClInclude>
    <ClInclude Include="182MyArray.hpp">
      <Filter>標頭檔</Filter>
    </ClInclude>
  </ItemGroup>
</Project>