
Microsoft Visual Studio Solution File, Format Version 12.00
# Visual Studio Version 16
VisualStudioVersion = 16.0.31424.327
MinimumVisualStudioVersion = 10.0.40219.1
Project("{8BC9CEB8-8B4A-11D0-8D11-00A0C91BC942}") = "ConsoleApplication42", "ConsoleApplication42\ConsoleApplication42.vcxproj", "{29F6F946-8C6D-4D99-B543-EF08D5D8086A}"
EndProject
Global
	GlobalSection(SolutionConfigurationPlatforms) = preSolution
		Debug|x64 = Debug|x64
		Debug|x86 = Debug|x86
		Release|x64 = Release|x64
		Release|x86 = Release|x86
	EndGlobalSection
	GlobalSection(ProjectConfigurationPlatforms) = postSolution
		{29F6F946-8C6D-4D99-B543-EF08D5D8086A}.Debug|x64.ActiveCfg = Debug|x64
		{29F6F946-8C6D-4D99-B543-EF08D5D8086A}.Debug|x64.Build.0 = Debug|x64
		{29F6F946-8C6D-4D99-B543-EF08D5D8086A}.Debug|x86.ActiveCfg = Debug|Win32
		{29F6F946-8C6D-4D99-B543-EF08D5D8086A}.Debug|x86.Build.0 = Debug|Win32
		{29F6F946-8C6D-4D99-B543-EF08D5D8086A}.Release|x64.ActiveCfg = Release|x64
		{29F6F946-8C6D-4D99-B543-EF08D5D8086A}.Release|x64.Build.0 = Release|x64
		{29F6F946-8C6D-4D99-B543-EF08D5D8086A}.Release|x86.ActiveCfg = Release|Win32
		{29F6F946-8C6D-4D99-B543-EF08D5D8086A}.Release|x86.Build.0 = Release|Win32
	EndGlobalSection
	GlobalSection(SolutionProperties) = preSolution
		HideSolutionNode = FALSE
	EndGlobalSection
	GlobalSection(ExtensibilityGlobals) = postSolution
		SolutionGuid = {E4D3A759-22AA-4491-8086-1DCBDF9F2816}
	EndGlobalSection
EndGlobal
